
Microsoft Visual Studio Solution File, Format Version 12.00
# Visual Studio Version 16
VisualStudioVersion = 16.0.29123.88
MinimumVisualStudioVersion = 10.0.40219.1
Project("{FAE04EC0-301F-11D3-BF4B-00C04F79EFBC}") = "factorial", "factorial\factorial.csproj", "{406174FC-FC0E-4E1F-B9F6-73C18F32DB20}"
EndProject
Global
	GlobalSection(SolutionConfigurationPlatforms) = preSolution
		Debug|Any CPU = Debug|Any CPU
		Release|Any CPU = Release|Any CPU
	EndGlobalSection
	GlobalSection(ProjectConfigurationPlatforms) = postSolution
		{406174FC-FC0E-4E1F-B9F6-73C18F32DB20}.Debug|Any CPU.ActiveCfg = Debug|Any CPU
		{406174FC-FC0E-4E1F-B9F6-73C18F32DB20}.Debug|Any CPU.Build.0 = Debug|Any CPU
		{406174FC-FC0E-4E1F-B9F6-73C18F32DB20}.Release|Any CPU.ActiveCfg = Release|Any CPU
		{406174FC-FC0E-4E1F-B9F6-73C18F32DB20}.Release|Any CPU.Build.0 = Release|Any CPU
	EndGlobalSection
	GlobalSection(SolutionProperties) = preSolution
		HideSolutionNode = FALSE
	EndGlobalSection
	GlobalSection(ExtensibilityGlobals) = postSolution
		SolutionGuid = {40938E38-8286-4684-9616-F5EC311C5C10}
	EndGlobalSection
EndGlobal
